
Microsoft Visual Studio Solution File, Format Version 12.00
# Visual Studio 14
VisualStudioVersion = 14.0.25420.1
MinimumVisualStudioVersion = 10.0.40219.1
Project("{FAE04EC0-301F-11D3-BF4B-00C04F79EFBC}") = "BritonRoadSlidesCreator", "BritonRoadSlidesCreator\BritonRoadSlidesCreator.csproj", "{8FE5286C-4BB3-4BB3-B564-A9D1B46C4C1F}"
EndProject
Project("{FAE04EC0-301F-11D3-BF4B-00C04F79EFBC}") = "BritonRoadSlidesCreator.ViewModels", "BritonRoadSlidesCreator.ViewModels\BritonRoadSlidesCreator.ViewModels.csproj", "{B2A9A83D-A5E1-4CB9-BBA7-89B95AF16F8E}"
EndProject
Global
	GlobalSection(SolutionConfigurationPlatforms) = preSolution
		Debug|Any CPU = Debug|Any CPU
		Release|Any CPU = Release|Any CPU
	EndGlobalSection
	GlobalSection(ProjectConfigurationPlatforms) = postSolution
		{8FE5286C-4BB3-4BB3-B564-A9D1B46C4C1F}.Debug|Any CPU.ActiveCfg = Debug|Any CPU
		{8FE5286C-4BB3-4BB3-B564-A9D1B46C4C1F}.Debug|Any CPU.Build.0 = Debug|Any CPU
		{8FE5286C-4BB3-4BB3-B564-A9D1B46C4C1F}.Release|Any CPU.ActiveCfg = Release|Any CPU
		{8FE5286C-4BB3-4BB3-B564-A9D1B46C4C1F}.Release|Any CPU.Build.0 = Release|Any CPU
		{B2A9A83D-A5E1-4CB9-BBA7-89B95AF16F8E}.Debug|Any CPU.ActiveCfg = Debug|Any CPU
		{B2A9A83D-A5E1-4CB9-BBA7-89B95AF16F8E}.Debug|Any CPU.Build.0 = Debug|Any CPU
		{B2A9A83D-A5E1-4CB9-BBA7-89B95AF16F8E}.Release|Any CPU.ActiveCfg = Release|Any CPU
		{B2A9A83D-A5E1-4CB9-BBA7-89B95AF16F8E}.Release|Any CPU.Build.0 = Release|Any CPU
	EndGlobalSection
	GlobalSection(SolutionProperties) = preSolution
		HideSolutionNode = FALSE
	EndGlobalSection
EndGlobal
